// !$*UTF8*$!
{
	archiveVersion = 1;
	classes = {
	};
	objectVersion = 46;
	objects = {

/* Begin PBXBuildFile section */
		AF1F3ABE1BE3074700BC93FC /* AppDelegate.swift in Sources */ = {isa = PBXBuildFile; fileRef = AF1F3ABD1BE3074700BC93FC /* AppDelegate.swift */; };
		AF1F3AC01BE3074700BC93FC /* ViewController.swift in Sources */ = {isa = PBXBuildFile; fileRef = AF1F3ABF1BE3074700BC93FC /* ViewController.swift */; };
		AF1F3AC31BE3074700BC93FC /* Main.storyboard in Resources */ = {isa = PBXBuildFile; fileRef = AF1F3AC11BE3074700BC93FC /* Main.storyboard */; };
		AF1F3AC51BE3074700BC93FC /* Assets.xcassets in Resources */ = {isa = PBXBuildFile; fileRef = AF1F3AC41BE3074700BC93FC /* Assets.xcassets */; };
		AF1F3AC81BE3074700BC93FC /* LaunchScreen.storyboard in Resources */ = {isa = PBXBuildFile; fileRef = AF1F3AC61BE3074700BC93FC /* LaunchScreen.storyboard */; };
		AF1F3AD31BE3074700BC93FC /* Bloomsday_UI_V1Tests.swift in Sources */ = {isa = PBXBuildFile; fileRef = AF1F3AD21BE3074700BC93FC /* Bloomsday_UI_V1Tests.swift */; };
		AF1F3ADE1BE3074700BC93FC /* Bloomsday_UI_V1UITests.swift in Sources */ = {isa = PBXBuildFile; fileRef = AF1F3ADD1BE3074700BC93FC /* Bloomsday_UI_V1UITests.swift */; };
/* End PBXBuildFile section */

/* Begin PBXContainerItemProxy section */
		AF1F3ACF1BE3074700BC93FC /* PBXContainerItemProxy */ = {
			isa = PBXContainerItemProxy;
			containerPortal = AF1F3AB21BE3074600BC93FC /* Project object */;
			proxyType = 1;
			remoteGlobalIDString = AF1F3AB91BE3074600BC93FC;
			remoteInfo = Bloomsday_UI_V1;
		};
		AF1F3ADA1BE3074700BC93FC /* PBXContainerItemProxy */ = {
			isa = PBXContainerItemProxy;
			containerPortal = AF1F3AB21BE3074600BC93FC /* Project object */;
			proxyType = 1;
			remoteGlobalIDString = AF1F3AB91BE3074600BC93FC;
			remoteInfo = Bloomsday_UI_V1;
		};
/* End PBXContainerItemProxy section */

/* Begin PBXFileReference section */
		AF1F3ABA1BE3074600BC93FC /* Bloomsday_UI_V1.app */ = {isa = PBXFileReference; explicitFileType = wrapper.application; includeInIndex = 0; path = Bloomsday_UI_V1.app; sourceTree = BUILT_PRODUCTS_DIR; };
		AF1F3ABD1BE3074700BC93FC /* AppDelegate.swift */ = {isa = PBXFileReference; lastKnownFileType = sourcecode.swift; path = AppDelegate.swift; sourceTree = "<group>"; };
		AF1F3ABF1BE3074700BC93FC /* ViewController.swift */ = {isa = PBXFileReference; lastKnownFileType = sourcecode.swift; path = ViewController.swift; sourceTree = "<group>"; };
		AF1F3AC21BE3074700BC93FC /* Base */ = {isa = PBXFileReference; lastKnownFileType = file.storyboard; name = Base; path = Base.lproj/Main.storyboard; sourceTree = "<group>"; };
		AF1F3AC41BE3074700BC93FC /* Assets.xcassets */ = {isa = PBXFileReference; lastKnownFileType = folder.assetcatalog; path = Assets.xcassets; sourceTree = "<group>"; };
		AF1F3AC71BE3074700BC93FC /* Base */ = {isa = PBXFileReference; lastKnownFileType = file.storyboard; name = Base; path = Base.lproj/LaunchScreen.storyboard; sourceTree = "<group>"; };
		AF1F3AC91BE3074700BC93FC /* Info.plist */ = {isa = PBXFileReference; lastKnownFileType = text.plist.xml; path = Info.plist; sourceTree = "<group>"; };
		AF1F3ACE1BE3074700BC93FC /* Bloomsday_UI_V1Tests.xctest */ = {isa = PBXFileReference; explicitFileType = wrapper.cfbundle; includeInIndex = 0; path = Bloomsday_UI_V1Tests.xctest; sourceTree = BUILT_PRODUCTS_DIR; };
		AF1F3AD21BE3074700BC93FC /* Bloomsday_UI_V1Tests.swift */ = {isa = PBXFileReference; lastKnownFileType = sourcecode.swift; path = Bloomsday_UI_V1Tests.swift; sourceTree = "<group>"; };
		AF1F3AD41BE3074700BC93FC /* Info.plist */ = {isa = PBXFileReference; lastKnownFileType = text.plist.xml; path = Info.plist; sourceTree = "<group>"; };
		AF1F3AD91BE3074700BC93FC /* Bloomsday_UI_V1UITests.xctest */ = {isa = PBXFileReference; explicitFileType = wrapper.cfbundle; includeInIndex = 0; path = Bloomsday_UI_V1UITests.xctest; sourceTree = BUILT_PRODUCTS_DIR; };
		AF1F3ADD1BE3074700BC93FC /* Bloomsday_UI_V1UITests.swift */ = {isa = PBXFileReference; lastKnownFileType = sourcecode.swift; path = Bloomsday_UI_V1UITests.swift; sourceTree = "<group>"; };
		AF1F3ADF1BE3074700BC93FC /* Info.plist */ = {isa = PBXFileReference; lastKnownFileType = text.plist.xml; path = Info.plist; sourceTree = "<group>"; };
/* End PBXFileReference section */

/* Begin PBXFrameworksBuildPhase section */
		AF1F3AB71BE3074600BC93FC /* Frameworks */ = {
			isa = PBXFrameworksBuildPhase;
			buildActionMask = 2147483647;
			files = (
			);
			runOnlyForDeploymentPostprocessing = 0;
		};
		AF1F3ACB1BE3074700BC93FC /* Frameworks */ = {
			isa = PBXFrameworksBuildPhase;
			buildActionMask = 2147483647;
			files = (
			);
			runOnlyForDeploymentPostprocessing = 0;
		};
		AF1F3AD61BE3074700BC93FC /* Frameworks */ = {
			isa = PBXFrameworksBuildPhase;
			buildActionMask = 2147483647;
			files = (
			);
			runOnlyForDeploymentPostprocessing = 0;
		};
/* End PBXFrameworksBuildPhase section */

/* Begin PBXGroup section */
		AF1F3AB11BE3074600BC93FC = {
			isa = PBXGroup;
			children = (
				AF1F3ABC1BE3074600BC93FC /* Bloomsday_UI_V1 */,
				AF1F3AD11BE3074700BC93FC /* Bloomsday_UI_V1Tests */,
				AF1F3ADC1BE3074700BC93FC /* Bloomsday_UI_V1UITests */,
				AF1F3ABB1BE3074600BC93FC /* Products */,
			);
			sourceTree = "<group>";
		};
		AF1F3ABB1BE3074600BC93FC /* Products */ = {
			isa = PBXGroup;
			children = (
				AF1F3ABA1BE3074600BC93FC /* Bloomsday_UI_V1.app */,
				AF1F3ACE1BE3074700BC93FC /* Bloomsday_UI_V1Tests.xctest */,
				AF1F3AD91BE3074700BC93FC /* Bloomsday_UI_V1UITests.xctest */,
			);
			name = Products;
			sourceTree = "<group>";
		};
		AF1F3ABC1BE3074600BC93FC /* Bloomsday_UI_V1 */ = {
			isa = PBXGroup;
			children = (
				AF1F3ABD1BE3074700BC93FC /* AppDelegate.swift */,
				AF1F3ABF1BE3074700BC93FC /* ViewController.swift */,
				AF1F3AC11BE3074700BC93FC /* Main.storyboard */,
				AF1F3AC41BE3074700BC93FC /* Assets.xcassets */,
				AF1F3AC61BE3074700BC93FC /* LaunchScreen.storyboard */,
				AF1F3AC91BE3074700BC93FC /* Info.plist */,
			);
			path = Bloomsday_UI_V1;
			sourceTree = "<group>";
		};
		AF1F3AD11BE3074700BC93FC /* Bloomsday_UI_V1Tests */ = {
			isa = PBXGroup;
			children = (
				AF1F3AD21BE3074700BC93FC /* Bloomsday_UI_V1Tests.swift */,
				AF1F3AD41BE3074700BC93FC /* Info.plist */,
			);
			path = Bloomsday_UI_V1Tests;
			sourceTree = "<group>";
		};
		AF1F3ADC1BE3074700BC93FC /* Bloomsday_UI_V1UITests */ = {
			isa = PBXGroup;
			children = (
				AF1F3ADD1BE3074700BC93FC /* Bloomsday_UI_V1UITests.swift */,
				AF1F3ADF1BE3074700BC93FC /* Info.plist */,
			);
			path = Bloomsday_UI_V1UITests;
			sourceTree = "<group>";
		};
/* End PBXGroup section */

/* Begin PBXNativeTarget section */
		AF1F3AB91BE3074600BC93FC /* Bloomsday_UI_V1 */ = {
			isa = PBXNativeTarget;
			buildConfigurationList = AF1F3AE21BE3074700BC93FC /* Build configuration list for PBXNativeTarget "Bloomsday_UI_V1" */;
			buildPhases = (
				AF1F3AB61BE3074600BC93FC /* Sources */,
				AF1F3AB71BE3074600BC93FC /* Frameworks */,
				AF1F3AB81BE3074600BC93FC /* Resources */,
			);
			buildRules = (
			);
			dependencies = (
			);
			name = Bloomsday_UI_V1;
			productName = Bloomsday_UI_V1;
			productReference = AF1F3ABA1BE3074600BC93FC /* Bloomsday_UI_V1.app */;
			productType = "com.apple.product-type.application";
		};
		AF1F3ACD1BE3074700BC93FC /* Bloomsday_UI_V1Tests */ = {
			isa = PBXNativeTarget;
			buildConfigurationList = AF1F3AE51BE3074700BC93FC /* Build configuration list for PBXNativeTarget "Bloomsday_UI_V1Tests" */;
			buildPhases = (
				AF1F3ACA1BE3074700BC93FC /* Sources */,
				AF1F3ACB1BE3074700BC93FC /* Frameworks */,
				AF1F3ACC1BE3074700BC93FC /* Resources */,
			);
			buildRules = (
			);
			dependencies = (
				AF1F3AD01BE3074700BC93FC /* PBXTargetDependency */,
			);
			name = Bloomsday_UI_V1Tests;
			productName = Bloomsday_UI_V1Tests;
			productReference = AF1F3ACE1BE3074700BC93FC /* Bloomsday_UI_V1Tests.xctest */;
			productType = "com.apple.product-type.bundle.unit-test";
		};
		AF1F3AD81BE3074700BC93FC /* Bloomsday_UI_V1UITests */ = {
			isa = PBXNativeTarget;
			buildConfigurationList = AF1F3AE81BE3074700BC93FC /* Build configuration list for PBXNativeTarget "Bloomsday_UI_V1UITests" */;
			buildPhases = (
				AF1F3AD51BE3074700BC93FC /* Sources */,
				AF1F3AD61BE3074700BC93FC /* Frameworks */,
				AF1F3AD71BE3074700BC93FC /* Resources */,
			);
			buildRules = (
			);
			dependencies = (
				AF1F3ADB1BE3074700BC93FC /* PBXTargetDependency */,
			);
			name = Bloomsday_UI_V1UITests;
			productName = Bloomsday_UI_V1UITests;
			productReference = AF1F3AD91BE3074700BC93FC /* Bloomsday_UI_V1UITests.xctest */;
			productType = "com.apple.product-type.bundle.ui-testing";
		};
/* End PBXNativeTarget section */

/* Begin PBXProject section */
		AF1F3AB21BE3074600BC93FC /* Project object */ = {
			isa = PBXProject;
			attributes = {
				LastSwiftUpdateCheck = 0710;
				LastUpgradeCheck = 0710;
				ORGANIZATIONNAME = "Bloomsday Run";
				TargetAttributes = {
					AF1F3AB91BE3074600BC93FC = {
						CreatedOnToolsVersion = 7.1;
					};
					AF1F3ACD1BE3074700BC93FC = {
						CreatedOnToolsVersion = 7.1;
						TestTargetID = AF1F3AB91BE3074600BC93FC;
					};
					AF1F3AD81BE3074700BC93FC = {
						CreatedOnToolsVersion = 7.1;
						TestTargetID = AF1F3AB91BE3074600BC93FC;
					};
				};
			};
			buildConfigurationList = AF1F3AB51BE3074600BC93FC /* Build configuration list for PBXProject "Bloomsday_UI_V1" */;
			compatibilityVersion = "Xcode 3.2";
			developmentRegion = English;
			hasScannedForEncodings = 0;
			knownRegions = (
				en,
				Base,
			);
			mainGroup = AF1F3AB11BE3074600BC93FC;
			productRefGroup = AF1F3ABB1BE3074600BC93FC /* Products */;
			projectDirPath = "";
			projectRoot = "";
			targets = (
				AF1F3AB91BE3074600BC93FC /* Bloomsday_UI_V1 */,
				AF1F3ACD1BE3074700BC93FC /* Bloomsday_UI_V1Tests */,
				AF1F3AD81BE3074700BC93FC /* Bloomsday_UI_V1UITests */,
			);
		};
/* End PBXProject section */

/* Begin PBXResourcesBuildPhase section */
		AF1F3AB81BE3074600BC93FC /* Resources */ = {
			isa = PBXResourcesBuildPhase;
			buildActionMask = 2147483647;
			files = (
				AF1F3AC81BE3074700BC93FC /* LaunchScreen.storyboard in Resources */,
				AF1F3AC51BE3074700BC93FC /* Assets.xcassets in Resources */,
				AF1F3AC31BE3074700BC93FC /* Main.storyboard in Resources */,
			);
			runOnlyForDeploymentPostprocessing = 0;
		};
		AF1F3ACC1BE3074700BC93FC /* Resources */ = {
			isa = PBXResourcesBuildPhase;
			buildActionMask = 2147483647;
			files = (
			);
			runOnlyForDeploymentPostprocessing = 0;
		};
		AF1F3AD71BE3074700BC93FC /* Resources */ = {
			isa = PBXResourcesBuildPhase;
			buildActionMask = 2147483647;
			files = (
			);
			runOnlyForDeploymentPostprocessing = 0;
		};
/* End PBXResourcesBuildPhase section */

/* Begin PBXSourcesBuildPhase section */
		AF1F3AB61BE3074600BC93FC /* Sources */ = {
			isa = PBXSourcesBuildPhase;
			buildActionMask = 2147483647;
			files = (
				AF1F3AC01BE3074700BC93FC /* ViewController.swift in Sources */,
				AF1F3ABE1BE3074700BC93FC /* AppDelegate.swift in Sources */,
			);
			runOnlyForDeploymentPostprocessing = 0;
		};
		AF1F3ACA1BE3074700BC93FC /* Sources */ = {
			isa = PBXSourcesBuildPhase;
			buildActionMask = 2147483647;
			files = (
				AF1F3AD31BE3074700BC93FC /* Bloomsday_UI_V1Tests.swift in Sources */,
			);
			runOnlyForDeploymentPostprocessing = 0;
		};
		AF1F3AD51BE3074700BC93FC /* Sources */ = {
			isa = PBXSourcesBuildPhase;
			buildActionMask = 2147483647;
			files = (
				AF1F3ADE1BE3074700BC93FC /* Bloomsday_UI_V1UITests.swift in Sources */,
			);
			runOnlyForDeploymentPostprocessing = 0;
		};
/* End PBXSourcesBuildPhase section */

/* Begin PBXTargetDependency section */
		AF1F3AD01BE3074700BC93FC /* PBXTargetDependency */ = {
			isa = PBXTargetDependency;
			target = AF1F3AB91BE3074600BC93FC /* Bloomsday_UI_V1 */;
			targetProxy = AF1F3ACF1BE3074700BC93FC /* PBXContainerItemProxy */;
		};
		AF1F3ADB1BE3074700BC93FC /* PBXTargetDependency */ = {
			isa = PBXTargetDependency;
			target = AF1F3AB91BE3074600BC93FC /* Bloomsday_UI_V1 */;
			targetProxy = AF1F3ADA1BE3074700BC93FC /* PBXContainerItemProxy */;
		};
/* End PBXTargetDependency section */

/* Begin PBXVariantGroup section */
		AF1F3AC11BE3074700BC93FC /* Main.storyboard */ = {
			isa = PBXVariantGroup;
			children = (
				AF1F3AC21BE3074700BC93FC /* Base */,
			);
			name = Main.storyboard;
			sourceTree = "<group>";
		};
		AF1F3AC61BE3074700BC93FC /* LaunchScreen.storyboard */ = {
			isa = PBXVariantGroup;
			children = (
				AF1F3AC71BE3074700BC93FC /* Base */,
			);
			name = LaunchScreen.storyboard;
			sourceTree = "<group>";
		};
/* End PBXVariantGroup section */

/* Begin XCBuildConfiguration section */
		AF1F3AE01BE3074700BC93FC /* Debug */ = {
			isa = XCBuildConfiguration;
			buildSettings = {
				ALWAYS_SEARCH_USER_PATHS = NO;
				CLANG_CXX_LANGUAGE_STANDARD = "gnu++0x";
				CLANG_CXX_LIBRARY = "libc++";
				CLANG_ENABLE_MODULES = YES;
				CLANG_ENABLE_OBJC_ARC = YES;
				CLANG_WARN_BOOL_CONVERSION = YES;
				CLANG_WARN_CONSTANT_CONVERSION = YES;
				CLANG_WARN_DIRECT_OBJC_ISA_USAGE = YES_ERROR;
				CLANG_WARN_EMPTY_BODY = YES;
				CLANG_WARN_ENUM_CONVERSION = YES;
				CLANG_WARN_INT_CONVERSION = YES;
				CLANG_WARN_OBJC_ROOT_CLASS = YES_ERROR;
				CLANG_WARN_UNREACHABLE_CODE = YES;
				CLANG_WARN__DUPLICATE_METHOD_MATCH = YES;
				"CODE_SIGN_IDENTITY[sdk=iphoneos*]" = "iPhone Developer";
				COPY_PHASE_STRIP = NO;
				DEBUG_INFORMATION_FORMAT = dwarf;
				ENABLE_STRICT_OBJC_MSGSEND = YES;
				ENABLE_TESTABILITY = YES;
				GCC_C_LANGUAGE_STANDARD = gnu99;
				GCC_DYNAMIC_NO_PIC = NO;
				GCC_NO_COMMON_BLOCKS = YES;
				GCC_OPTIMIZATION_LEVEL = 0;
				GCC_PREPROCESSOR_DEFINITIONS = (
					"DEBUG=1",
					"$(inherited)",
				);
				GCC_WARN_64_TO_32_BIT_CONVERSION = YES;
				GCC_WARN_ABOUT_RETURN_TYPE = YES_ERROR;
				GCC_WARN_UNDECLARED_SELECTOR = YES;
				GCC_WARN_UNINITIALIZED_AUTOS = YES_AGGRESSIVE;
				GCC_WARN_UNUSED_FUNCTION = YES;
				GCC_WARN_UNUSED_VARIABLE = YES;
				IPHONEOS_DEPLOYMENT_TARGET = 9.1;
				MTL_ENABLE_DEBUG_INFO = YES;
				ONLY_ACTIVE_ARCH = YES;
				SDKROOT = iphoneos;
				SWIFT_OPTIMIZATION_LEVEL = "-Onone";
			};
			name = Debug;
		};
		AF1F3AE11BE3074700BC93FC /* Release */ = {
			isa = XCBuildConfiguration;
			buildSettings = {
				ALWAYS_SEARCH_USER_PATHS = NO;
				CLANG_CXX_LANGUAGE_STANDARD = "gnu++0x";
				CLANG_CXX_LIBRARY = "libc++";
				CLANG_ENABLE_MODULES = YES;
				CLANG_ENABLE_OBJC_ARC = YES;
				CLANG_WARN_BOOL_CONVERSION = YES;
				CLANG_WARN_CONSTANT_CONVERSION = YES;
				CLANG_WARN_DIRECT_OBJC_ISA_USAGE = YES_ERROR;
				CLANG_WARN_EMPTY_BODY = YES;
				CLANG_WARN_ENUM_CONVERSION = YES;
				CLANG_WARN_INT_CONVERSION = YES;
				CLANG_WARN_OBJC_ROOT_CLASS = YES_ERROR;
				CLANG_WARN_UNREACHABLE_CODE = YES;
				CLANG_WARN__DUPLICATE_METHOD_MATCH = YES;
				"CODE_SIGN_IDENTITY[sdk=iphoneos*]" = "iPhone Developer";
				COPY_PHASE_STRIP = NO;
				DEBUG_INFORMATION_FORMAT = "dwarf-with-dsym";
				ENABLE_NS_ASSERTIONS = NO;
				ENABLE_STRICT_OBJC_MSGSEND = YES;
				GCC_C_LANGUAGE_STANDARD = gnu99;
				GCC_NO_COMMON_BLOCKS = YES;
				GCC_WARN_64_TO_32_BIT_CONVERSION = YES;
				GCC_WARN_ABOUT_RETURN_TYPE = YES_ERROR;
				GCC_WARN_UNDECLARED_SELECTOR = YES;
				GCC_WARN_UNINITIALIZED_AUTOS = YES_AGGRESSIVE;
				GCC_WARN_UNUSED_FUNCTION = YES;
				GCC_WARN_UNUSED_VARIABLE = YES;
				IPHONEOS_DEPLOYMENT_TARGET = 9.1;
				MTL_ENABLE_DEBUG_INFO = NO;
				SDKROOT = iphoneos;
				VALIDATE_PRODUCT = YES;
			};
			name = Release;
		};
		AF1F3AE31BE3074700BC93FC /* Debug */ = {
			isa = XCBuildConfiguration;
			buildSettings = {
				ASSETCATALOG_COMPILER_APPICON_NAME = AppIcon;
				INFOPLIST_FILE = Bloomsday_UI_V1/Info.plist;
				LD_RUNPATH_SEARCH_PATHS = "$(inherited) @executable_path/Frameworks";
				PRODUCT_BUNDLE_IDENTIFIER = "com.bloomsdayrun.Bloomsday-UI-V1";
				PRODUCT_NAME = "$(TARGET_NAME)";
			};
			name = Debug;
		};
		AF1F3AE41BE3074700BC93FC /* Release */ = {
			isa = XCBuildConfiguration;
			buildSettings = {
				ASSETCATALOG_COMPILER_APPICON_NAME = AppIcon;
				INFOPLIST_FILE = Bloomsday_UI_V1/Info.plist;
				LD_RUNPATH_SEARCH_PATHS = "$(inherited) @executable_path/Frameworks";
				PRODUCT_BUNDLE_IDENTIFIER = "com.bloomsdayrun.Bloomsday-UI-V1";
				PRODUCT_NAME = "$(TARGET_NAME)";
			};
			name = Release;
		};
		AF1F3AE61BE3074700BC93FC /* Debug */ = {
			isa = XCBuildConfiguration;
			buildSettings = {
				BUNDLE_LOADER = "$(TEST_HOST)";
				INFOPLIST_FILE = Bloomsday_UI_V1Tests/Info.plist;
				LD_RUNPATH_SEARCH_PATHS = "$(inherited) @executable_path/Frameworks @loader_path/Frameworks";
				PRODUCT_BUNDLE_IDENTIFIER = "com.bloomsdayrun.Bloomsday-UI-V1Tests";
				PRODUCT_NAME = "$(TARGET_NAME)";
				TEST_HOST = "$(BUILT_PRODUCTS_DIR)/Bloomsday_UI_V1.app/Bloomsday_UI_V1";
			};
			name = Debug;
		};
		AF1F3AE71BE3074700BC93FC /* Release */ = {
			isa = XCBuildConfiguration;
			buildSettings = {
				BUNDLE_LOADER = "$(TEST_HOST)";
				INFOPLIST_FILE = Bloomsday_UI_V1Tests/Info.plist;
				LD_RUNPATH_SEARCH_PATHS = "$(inherited) @executable_path/Frameworks @loader_path/Frameworks";
				PRODUCT_BUNDLE_IDENTIFIER = "com.bloomsdayrun.Bloomsday-UI-V1Tests";
				PRODUCT_NAME = "$(TARGET_NAME)";
				TEST_HOST = "$(BUILT_PRODUCTS_DIR)/Bloomsday_UI_V1.app/Bloomsday_UI_V1";
			};
			name = Release;
		};
		AF1F3AE91BE3074700BC93FC /* Debug */ = {
			isa = XCBuildConfiguration;
			buildSettings = {
				INFOPLIST_FILE = Bloomsday_UI_V1UITests/Info.plist;
				LD_RUNPATH_SEARCH_PATHS = "$(inherited) @executable_path/Frameworks @loader_path/Frameworks";
				PRODUCT_BUNDLE_IDENTIFIER = "com.bloomsdayrun.Bloomsday-UI-V1UITests";
				PRODUCT_NAME = "$(TARGET_NAME)";
				TEST_TARGET_NAME = Bloomsday_UI_V1;
				USES_XCTRUNNER = YES;
			};
			name = Debug;
		};
		AF1F3AEA1BE3074700BC93FC /* Release */ = {
			isa = XCBuildConfiguration;
			buildSettings = {
				INFOPLIST_FILE = Bloomsday_UI_V1UITests/Info.plist;
				LD_RUNPATH_SEARCH_PATHS = "$(inherited) @executable_path/Frameworks @loader_path/Frameworks";
				PRODUCT_BUNDLE_IDENTIFIER = "com.bloomsdayrun.Bloomsday-UI-V1UITests";
				PRODUCT_NAME = "$(TARGET_NAME)";
				TEST_TARGET_NAME = Bloomsday_UI_V1;
				USES_XCTRUNNER = YES;
			};
			name = Release;
		};
/* End XCBuildConfiguration section */

/* Begin XCConfigurationList section */
		AF1F3AB51BE3074600BC93FC /* Build configuration list for PBXProject "Bloomsday_UI_V1" */ = {
			isa = XCConfigurationList;
			buildConfigurations = (
				AF1F3AE01BE3074700BC93FC /* Debug */,
				AF1F3AE11BE3074700BC93FC /* Release */,
			);
			defaultConfigurationIsVisible = 0;
			defaultConfigurationName = Release;
		};
		AF1F3AE21BE3074700BC93FC /* Build configuration list for PBXNativeTarget "Bloomsday_UI_V1" */ = {
			isa = XCConfigurationList;
			buildConfigurations = (
				AF1F3AE31BE3074700BC93FC /* Debug */,
				AF1F3AE41BE3074700BC93FC /* Release */,
			);
			defaultConfigurationIsVisible = 0;
		};
		AF1F3AE51BE3074700BC93FC /* Build configuration list for PBXNativeTarget "Bloomsday_UI_V1Tests" */ = {
			isa = XCConfigurationList;
			buildConfigurations = (
				AF1F3AE61BE3074700BC93FC /* Debug */,
				AF1F3AE71BE3074700BC93FC /* Release */,
			);
			defaultConfigurationIsVisible = 0;
		};
		AF1F3AE81BE3074700BC93FC /* Build configuration list for PBXNativeTarget "Bloomsday_UI_V1UITests" */ = {
			isa = XCConfigurationList;
			buildConfigurations = (
				AF1F3AE91BE3074700BC93FC /* Debug */,
				AF1F3AEA1BE3074700BC93FC /* Release */,
			);
			defaultConfigurationIsVisible = 0;
		};
/* End XCConfigurationList section */
	};
	rootObject = AF1F3AB21BE3074600BC93FC /* Project object */;
}
